Microsoft Visual Studio Solution File, Format Version 11.00
# Visual Studio 2008

Project("{9CD5457E-EA51-372C-B035-975DAB3CE954}") = "Final Exam Game 2017", "Assembly-CSharp.csproj", "{4C104719-513E-E3B8-C172-FA9F40C0DCE5}"
EndProject
Global
	GlobalSection(SolutionConfigurationPlatforms) = preSolution
		Debug|Any CPU = Debug|Any CPU
		Release|Any CPU = Release|Any CPU
	EndGlobalSection
	GlobalSection(ProjectConfigurationPlatforms) = postSolution
		{4C104719-513E-E3B8-C172-FA9F40C0DCE5}.Debug|Any CPU.ActiveCfg = Debug|Any CPU
		{4C104719-513E-E3B8-C172-FA9F40C0DCE5}.Debug|Any CPU.Build.0 = Debug|Any CPU
		{4C104719-513E-E3B8-C172-FA9F40C0DCE5}.Release|Any CPU.ActiveCfg = Release|Any CPU
		{4C104719-513E-E3B8-C172-FA9F40C0DCE5}.Release|Any CPU.Build.0 = Release|Any CPU
	EndGlobalSection
	GlobalSection(SolutionProperties) = preSolution
		HideSolutionNode = FALSE
	EndGlobalSection
	GlobalSection(MonoDevelopProperties) = preSolution
		StartupItem = Assembly-CSharp.csproj
	EndGlobalSection
EndGlobal
